
Microsoft Visual Studio Solution File, Format Version 12.00
# Visual Studio Version 17
VisualStudioVersion = 17.1.32228.430
MinimumVisualStudioVersion = 10.0.40219.1
Project("{FAE04EC0-301F-11D3-BF4B-00C04F79EFBC}") = "Poc.Middleware.Api", "Poc.Middleware.Api\Poc.Middleware.Api.csproj", "{B0207B3E-8617-45F3-9629-4B6BF75315C8}"
EndProject
Project("{FAE04EC0-301F-11D3-BF4B-00C04F79EFBC}") = "Poc.Middleware.Tests", "Poc.Middleware.Tests\Poc.Middleware.Tests.csproj", "{5021F91F-D7A7-4CDB-9564-3E4A5F628FDE}"
EndProject
Global
	GlobalSection(SolutionConfigurationPlatforms) = preSolution
		Debug|Any CPU = Debug|Any CPU
		Release|Any CPU = Release|Any CPU
	EndGlobalSection
	GlobalSection(ProjectConfigurationPlatforms) = postSolution
		{B0207B3E-8617-45F3-9629-4B6BF75315C8}.Debug|Any CPU.ActiveCfg = Debug|Any CPU
		{B0207B3E-8617-45F3-9629-4B6BF75315C8}.Debug|Any CPU.Build.0 = Debug|Any CPU
		{B0207B3E-8617-45F3-9629-4B6BF75315C8}.Release|Any CPU.ActiveCfg = Release|Any CPU
		{B0207B3E-8617-45F3-9629-4B6BF75315C8}.Release|Any CPU.Build.0 = Release|Any CPU
		{5021F91F-D7A7-4CDB-9564-3E4A5F628FDE}.Debug|Any CPU.ActiveCfg = Debug|Any CPU
		{5021F91F-D7A7-4CDB-9564-3E4A5F628FDE}.Debug|Any CPU.Build.0 = Debug|Any CPU
		{5021F91F-D7A7-4CDB-9564-3E4A5F628FDE}.Release|Any CPU.ActiveCfg = Release|Any CPU
		{5021F91F-D7A7-4CDB-9564-3E4A5F628FDE}.Release|Any CPU.Build.0 = Release|Any CPU
	EndGlobalSection
	GlobalSection(SolutionProperties) = preSolution
		HideSolutionNode = FALSE
	EndGlobalSection
	GlobalSection(ExtensibilityGlobals) = postSolution
		SolutionGuid = {B693004B-C01E-4B8B-9BC6-F0EFB858C7F3}
	EndGlobalSection
EndGlobal
